
Microsoft Visual Studio Solution File, Format Version 10.00
# Visual Studio 2008
Project("{8BC9CEB8-8B4A-11D0-8D11-00A0C91BC942}") = "DLL_Demo_Console", "DLL_Demo_Console.vcproj", "{65947142-B38C-4BA5-AB5C-7597A614D76C}"
EndProject
Global
	GlobalSection(SolutionConfigurationPlatforms) = preSolution
		Debug|Win32 = Debug|Win32
		Release|Win32 = Release|Win32
	EndGlobalSection
	GlobalSection(ProjectConfigurationPlatforms) = postSolution
		{65947142-B38C-4BA5-AB5C-7597A614D76C}.Debug|Win32.ActiveCfg = Debug|Win32
		{65947142-B38C-4BA5-AB5C-7597A614D76C}.Debug|Win32.Build.0 = Debug|Win32
		{65947142-B38C-4BA5-AB5C-7597A614D76C}.Release|Win32.ActiveCfg = Release|Win32
		{65947142-B38C-4BA5-AB5C-7597A614D76C}.Release|Win32.Build.0 = Release|Win32
	EndGlobalSection
	GlobalSection(SolutionProperties) = preSolution
		HideSolutionNode = FALSE
	EndGlobalSection
EndGlobal
